
Microsoft Visual Studio Solution File, Format Version 12.00
# Visual Studio Version 16
VisualStudioVersion = 16.0.30204.135
MinimumVisualStudioVersion = 10.0.40219.1
Project("{FAE04EC0-301F-11D3-BF4B-00C04F79EFBC}") = "Zadanie4", "Zadanie4\Zadanie4.csproj", "{BBDE6D61-169F-4409-BD58-4A735F851B05}"
EndProject
Project("{FAE04EC0-301F-11D3-BF4B-00C04F79EFBC}") = "Zadanie5", "Zadanie5\Zadanie5.csproj", "{04E0ADEC-14D7-48A8-A54D-C0B3955A08A8}"
EndProject
Project("{FAE04EC0-301F-11D3-BF4B-00C04F79EFBC}") = "Zadanie6", "Zadanie6\Zadanie6.csproj", "{B96854A0-E88E-45BD-A6E6-85A256FDB2C1}"
EndProject
Project("{FAE04EC0-301F-11D3-BF4B-00C04F79EFBC}") = "Prostokat", "Prostokat\Prostokat.csproj", "{1C98633C-3955-4541-A4FD-EC2ADDD5DBBD}"
EndProject
Global
	GlobalSection(SolutionConfigurationPlatforms) = preSolution
		Debug|Any CPU = Debug|Any CPU
		Release|Any CPU = Release|Any CPU
	EndGlobalSection
	GlobalSection(ProjectConfigurationPlatforms) = postSolution
		{BBDE6D61-169F-4409-BD58-4A735F851B05}.Debug|Any CPU.ActiveCfg = Debug|Any CPU
		{BBDE6D61-169F-4409-BD58-4A735F851B05}.Debug|Any CPU.Build.0 = Debug|Any CPU
		{BBDE6D61-169F-4409-BD58-4A735F851B05}.Release|Any CPU.ActiveCfg = Release|Any CPU
		{BBDE6D61-169F-4409-BD58-4A735F851B05}.Release|Any CPU.Build.0 = Release|Any CPU
		{04E0ADEC-14D7-48A8-A54D-C0B3955A08A8}.Debug|Any CPU.ActiveCfg = Debug|Any CPU
		{04E0ADEC-14D7-48A8-A54D-C0B3955A08A8}.Debug|Any CPU.Build.0 = Debug|Any CPU
		{04E0ADEC-14D7-48A8-A54D-C0B3955A08A8}.Release|Any CPU.ActiveCfg = Release|Any CPU
		{04E0ADEC-14D7-48A8-A54D-C0B3955A08A8}.Release|Any CPU.Build.0 = Release|Any CPU
		{B96854A0-E88E-45BD-A6E6-85A256FDB2C1}.Debug|Any CPU.ActiveCfg = Debug|Any CPU
		{B96854A0-E88E-45BD-A6E6-85A256FDB2C1}.Debug|Any CPU.Build.0 = Debug|Any CPU
		{B96854A0-E88E-45BD-A6E6-85A256FDB2C1}.Release|Any CPU.ActiveCfg = Release|Any CPU
		{B96854A0-E88E-45BD-A6E6-85A256FDB2C1}.Release|Any CPU.Build.0 = Release|Any CPU
		{1C98633C-3955-4541-A4FD-EC2ADDD5DBBD}.Debug|Any CPU.ActiveCfg = Debug|Any CPU
		{1C98633C-3955-4541-A4FD-EC2ADDD5DBBD}.Debug|Any CPU.Build.0 = Debug|Any CPU
		{1C98633C-3955-4541-A4FD-EC2ADDD5DBBD}.Release|Any CPU.ActiveCfg = Release|Any CPU
		{1C98633C-3955-4541-A4FD-EC2ADDD5DBBD}.Release|Any CPU.Build.0 = Release|Any CPU
	EndGlobalSection
	GlobalSection(SolutionProperties) = preSolution
		HideSolutionNode = FALSE
	EndGlobalSection
	GlobalSection(ExtensibilityGlobals) = postSolution
		SolutionGuid = {94681C37-6367-43C2-88E6-C9E417F52B05}
	EndGlobalSection
EndGlobal
